// !$*UTF8*$!
{
	archiveVersion = 1;
	classes = {
	};
	objectVersion = 77;
	objects = {

/* Begin PBXContainerItemProxy section */
		924F8D932CD03D3500C38A8F /* PBXContainerItemProxy */ = {
			isa = PBXContainerItemProxy;
			containerPortal = 924F8D7A2CD03D3500C38A8F /* Project object */;
			proxyType = 1;
			remoteGlobalIDString = 924F8D812CD03D3500C38A8F;
			remoteInfo = Learningg;
		};
		924F8D9D2CD03D3500C38A8F /* PBXContainerItemProxy */ = {
			isa = PBXContainerItemProxy;
			containerPortal = 924F8D7A2CD03D3500C38A8F /* Project object */;
			proxyType = 1;
			remoteGlobalIDString = 924F8D812CD03D3500C38A8F;
			remoteInfo = Learningg;
		};
/* End PBXContainerItemProxy section */

/* Begin PBXFileReference section */
		924F8D822CD03D3500C38A8F /* Learningg.app */ = {isa = PBXFileReference; explicitFileType = wrapper.application; includeInIndex = 0; path = Learningg.app; sourceTree = BUILT_PRODUCTS_DIR; };
		924F8D922CD03D3500C38A8F /* LearninggTests.xctest */ = {isa = PBXFileReference; explicitFileType = wrapper.cfbundle; includeInIndex = 0; path = LearninggTests.xctest; sourceTree = BUILT_PRODUCTS_DIR; };
		924F8D9C2CD03D3500C38A8F /* LearninggUITests.xctest */ = {isa = PBXFileReference; explicitFileType = wrapper.cfbundle; includeInIndex = 0; path = LearninggUITests.xctest; sourceTree = BUILT_PRODUCTS_DIR; };
/* End PBXFileReference section */

/* Begin PBXFileSystemSynchronizedRootGroup section */
		924F8D842CD03D3500C38A8F /* Learningg */ = {
			isa = PBXFileSystemSynchronizedRootGroup;
			path = Learningg;
			sourceTree = "<group>";
		};
		924F8D952CD03D3500C38A8F /* LearninggTests */ = {
			isa = PBXFileSystemSynchronizedRootGroup;
			path = LearninggTests;
			sourceTree = "<group>";
		};
		924F8D9F2CD03D3500C38A8F /* LearninggUITests */ = {
			isa = PBXFileSystemSynchronizedRootGroup;
			path = LearninggUITests;
			sourceTree = "<group>";
		};
/* End PBXFileSystemSynchronizedRootGroup section */

/* Begin PBXFrameworksBuildPhase section */
		924F8D7F2CD03D3500C38A8F /* Frameworks */ = {
			isa = PBXFrameworksBuildPhase;
			buildActionMask = 2147483647;
			files = (
			);
			runOnlyForDeploymentPostprocessing = 0;
		};
		924F8D8F2CD03D3500C38A8F /* Frameworks */ = {
			isa = PBXFrameworksBuildPhase;
			buildActionMask = 2147483647;
			files = (
			);
			runOnlyForDeploymentPostprocessing = 0;
		};
		924F8D992CD03D3500C38A8F /* Frameworks */ = {
			isa = PBXFrameworksBuildPhase;
			buildActionMask = 2147483647;
			files = (
			);
			runOnlyForDeploymentPostprocessing = 0;
		};
/* End PBXFrameworksBuildPhase section */

/* Begin PBXGroup section */
		924F8D792CD03D3500C38A8F = {
			isa = PBXGroup;
			children = (
				924F8D842CD03D3500C38A8F /* Learningg */,
				924F8D952CD03D3500C38A8F /* LearninggTests */,
				924F8D9F2CD03D3500C38A8F /* LearninggUITests */,
				924F8D832CD03D3500C38A8F /* Products */,
			);
			sourceTree = "<group>";
		};
		924F8D832CD03D3500C38A8F /* Products */ = {
			isa = PBXGroup;
			children = (
				924F8D822CD03D3500C38A8F /* Learningg.app */,
				924F8D922CD03D3500C38A8F /* LearninggTests.xctest */,
				924F8D9C2CD03D3500C38A8F /* LearninggUITests.xctest */,
			);
			name = Products;
			sourceTree = "<group>";
		};
/* End PBXGroup section */

/* Begin PBXNativeTarget section */
		924F8D812CD03D3500C38A8F /* Learningg */ = {
			isa = PBXNativeTarget;
			buildConfigurationList = 924F8DA62CD03D3500C38A8F /* Build configuration list for PBXNativeTarget "Learningg" */;
			buildPhases = (
				924F8D7E2CD03D3500C38A8F /* Sources */,
				924F8D7F2CD03D3500C38A8F /* Frameworks */,
				924F8D802CD03D3500C38A8F /* Resources */,
			);
			buildRules = (
			);
			dependencies = (
			);
			fileSystemSynchronizedGroups = (
				924F8D842CD03D3500C38A8F /* Learningg */,
			);
			name = Learningg;
			packageProductDependencies = (
			);
			productName = Learningg;
			productReference = 924F8D822CD03D3500C38A8F /* Learningg.app */;
			productType = "com.apple.product-type.application";
		};
		924F8D912CD03D3500C38A8F /* LearninggTests */ = {
			isa = PBXNativeTarget;
			buildConfigurationList = 924F8DA92CD03D3500C38A8F /* Build configuration list for PBXNativeTarget "LearninggTests" */;
			buildPhases = (
				924F8D8E2CD03D3500C38A8F /* Sources */,
				924F8D8F2CD03D3500C38A8F /* Frameworks */,
				924F8D902CD03D3500C38A8F /* Resources */,
			);
			buildRules = (
			);
			dependencies = (
				924F8D942CD03D3500C38A8F /* PBXTargetDependency */,
			);
			fileSystemSynchronizedGroups = (
				924F8D952CD03D3500C38A8F /* LearninggTests */,
			);
			name = LearninggTests;
			packageProductDependencies = (
			);
			productName = LearninggTests;
			productReference = 924F8D922CD03D3500C38A8F /* LearninggTests.xctest */;
			productType = "com.apple.product-type.bundle.unit-test";
		};
		924F8D9B2CD03D3500C38A8F /* LearninggUITests */ = {
			isa = PBXNativeTarget;
			buildConfigurationList = 924F8DAC2CD03D3500C38A8F /* Build configuration list for PBXNativeTarget "LearninggUITests" */;
			buildPhases = (
				924F8D982CD03D3500C38A8F /* Sources */,
				924F8D992CD03D3500C38A8F /* Frameworks */,
				924F8D9A2CD03D3500C38A8F /* Resources */,
			);
			buildRules = (
			);
			dependencies = (
				924F8D9E2CD03D3500C38A8F /* PBXTargetDependency */,
			);
			fileSystemSynchronizedGroups = (
				924F8D9F2CD03D3500C38A8F /* LearninggUITests */,
			);
			name = LearninggUITests;
			packageProductDependencies = (
			);
			productName = LearninggUITests;
			productReference = 924F8D9C2CD03D3500C38A8F /* LearninggUITests.xctest */;
			productType = "com.apple.product-type.bundle.ui-testing";
		};
/* End PBXNativeTarget section */

/* Begin PBXProject section */
		924F8D7A2CD03D3500C38A8F /* Project object */ = {
			isa = PBXProject;
			attributes = {
				BuildIndependentTargetsInParallel = 1;
				LastSwiftUpdateCheck = 1600;
				LastUpgradeCheck = 1600;
				TargetAttributes = {
					924F8D812CD03D3500C38A8F = {
						CreatedOnToolsVersion = 16.0;
					};
					924F8D912CD03D3500C38A8F = {
						CreatedOnToolsVersion = 16.0;
						TestTargetID = 924F8D812CD03D3500C38A8F;
					};
					924F8D9B2CD03D3500C38A8F = {
						CreatedOnToolsVersion = 16.0;
						TestTargetID = 924F8D812CD03D3500C38A8F;
					};
				};
			};
			buildConfigurationList = 924F8D7D2CD03D3500C38A8F /* Build configuration list for PBXProject "Learningg" */;
			developmentRegion = en;
			hasScannedForEncodings = 0;
			knownRegions = (
				en,
				Base,
			);
			mainGroup = 924F8D792CD03D3500C38A8F;
			minimizedProjectReferenceProxies = 1;
			preferredProjectObjectVersion = 77;
			productRefGroup = 924F8D832CD03D3500C38A8F /* Products */;
			projectDirPath = "";
			projectRoot = "";
			targets = (
				924F8D812CD03D3500C38A8F /* Learningg */,
				924F8D912CD03D3500C38A8F /* LearninggTests */,
				924F8D9B2CD03D3500C38A8F /* LearninggUITests */,
			);
		};
/* End PBXProject section */

/* Begin PBXResourcesBuildPhase section */
		924F8D802CD03D3500C38A8F /* Resources */ = {
			isa = PBXResourcesBuildPhase;
			buildActionMask = 2147483647;
			files = (
			);
			runOnlyForDeploymentPostprocessing = 0;
		};
		924F8D902CD03D3500C38A8F /* Resources */ = {
			isa = PBXResourcesBuildPhase;
			buildActionMask = 2147483647;
			files = (
			);
			runOnlyForDeploymentPostprocessing = 0;
		};
		924F8D9A2CD03D3500C38A8F /* Resources */ = {
			isa = PBXResourcesBuildPhase;
			buildActionMask = 2147483647;
			files = (
			);
			runOnlyForDeploymentPostprocessing = 0;
		};
/* End PBXResourcesBuildPhase section */

/* Begin PBXSourcesBuildPhase section */
		924F8D7E2CD03D3500C38A8F /* Sources */ = {
			isa = PBXSourcesBuildPhase;
			buildActionMask = 2147483647;
			files = (
			);
			runOnlyForDeploymentPostprocessing = 0;
		};
		924F8D8E2CD03D3500C38A8F /* Sources */ = {
			isa = PBXSourcesBuildPhase;
			buildActionMask = 2147483647;
			files = (
			);
			runOnlyForDeploymentPostprocessing = 0;
		};
		924F8D982CD03D3500C38A8F /* Sources */ = {
			isa = PBXSourcesBuildPhase;
			buildActionMask = 2147483647;
			files = (
			);
			runOnlyForDeploymentPostprocessing = 0;
		};
/* End PBXSourcesBuildPhase section */

/* Begin PBXTargetDependency section */
		924F8D942CD03D3500C38A8F /* PBXTargetDependency */ = {
			isa = PBXTargetDependency;
			target = 924F8D812CD03D3500C38A8F /* Learningg */;
			targetProxy = 924F8D932CD03D3500C38A8F /* PBXContainerItemProxy */;
		};
		924F8D9E2CD03D3500C38A8F /* PBXTargetDependency */ = {
			isa = PBXTargetDependency;
			target = 924F8D812CD03D3500C38A8F /* Learningg */;
			targetProxy = 924F8D9D2CD03D3500C38A8F /* PBXContainerItemProxy */;
		};
/* End PBXTargetDependency section */

/* Begin XCBuildConfiguration section */
		924F8DA42CD03D3500C38A8F /* Debug */ = {
			isa = XCBuildConfiguration;
			buildSettings = {
				ALWAYS_SEARCH_USER_PATHS = NO;
				ASSETCATALOG_COMPILER_GENERATE_SWIFT_ASSET_SYMBOL_EXTENSIONS = YES;
				CLANG_ANALYZER_NONNULL = YES;
				CLANG_ANALYZER_NUMBER_OBJECT_CONVERSION = YES_AGGRESSIVE;
				CLANG_CXX_LANGUAGE_STANDARD = "gnu++20";
				CLANG_ENABLE_MODULES = YES;
				CLANG_ENABLE_OBJC_ARC = YES;
				CLANG_ENABLE_OBJC_WEAK = YES;
				CLANG_WARN_BLOCK_CAPTURE_AUTORELEASING = YES;
				CLANG_WARN_BOOL_CONVERSION = YES;
				CLANG_WARN_COMMA = YES;
				CLANG_WARN_CONSTANT_CONVERSION = YES;
				CLANG_WARN_DEPRECATED_OBJC_IMPLEMENTATIONS = YES;
				CLANG_WARN_DIRECT_OBJC_ISA_USAGE = YES_ERROR;
				CLANG_WARN_DOCUMENTATION_COMMENTS = YES;
				CLANG_WARN_EMPTY_BODY = YES;
				CLANG_WARN_ENUM_CONVERSION = YES;
				CLANG_WARN_INFINITE_RECURSION = YES;
				CLANG_WARN_INT_CONVERSION = YES;
				CLANG_WARN_NON_LITERAL_NULL_CONVERSION = YES;
				CLANG_WARN_OBJC_IMPLICIT_RETAIN_SELF = YES;
				CLANG_WARN_OBJC_LITERAL_CONVERSION = YES;
				CLANG_WARN_OBJC_ROOT_CLASS = YES_ERROR;
				CLANG_WARN_QUOTED_INCLUDE_IN_FRAMEWORK_HEADER = YES;
				CLANG_WARN_RANGE_LOOP_ANALYSIS = YES;
				CLANG_WARN_STRICT_PROTOTYPES = YES;
				CLANG_WARN_SUSPICIOUS_MOVE = YES;
				CLANG_WARN_UNGUARDED_AVAILABILITY = YES_AGGRESSIVE;
				CLANG_WARN_UNREACHABLE_CODE = YES;
				CLANG_WARN__DUPLICATE_METHOD_MATCH = YES;
				COPY_PHASE_STRIP = NO;
				DEBUG_INFORMATION_FORMAT = dwarf;
				ENABLE_STRICT_OBJC_MSGSEND = YES;
				ENABLE_TESTABILITY = YES;
				ENABLE_USER_SCRIPT_SANDBOXING = YES;
				GCC_C_LANGUAGE_STANDARD = gnu17;
				GCC_DYNAMIC_NO_PIC = NO;
				GCC_NO_COMMON_BLOCKS = YES;
				GCC_OPTIMIZATION_LEVEL = 0;
				GCC_PREPROCESSOR_DEFINITIONS = (
					"DEBUG=1",
					"$(inherited)",
				);
				GCC_WARN_64_TO_32_BIT_CONVERSION = YES;
				GCC_WARN_ABOUT_RETURN_TYPE = YES_ERROR;
				GCC_WARN_UNDECLARED_SELECTOR = YES;
				GCC_WARN_UNINITIALIZED_AUTOS = YES_AGGRESSIVE;
				GCC_WARN_UNUSED_FUNCTION = YES;
				GCC_WARN_UNUSED_VARIABLE = YES;
				IPHONEOS_DEPLOYMENT_TARGET = 18.0;
				LOCALIZATION_PREFERS_STRING_CATALOGS = YES;
				MTL_ENABLE_DEBUG_INFO = INCLUDE_SOURCE;
				MTL_FAST_MATH = YES;
				ONLY_ACTIVE_ARCH = YES;
				SDKROOT = iphoneos;
				SWIFT_ACTIVE_COMPILATION_CONDITIONS = "DEBUG $(inherited)";
				SWIFT_OPTIMIZATION_LEVEL = "-Onone";
			};
			name = Debug;
		};
		924F8DA52CD03D3500C38A8F /* Release */ = {
			isa = XCBuildConfiguration;
			buildSettings = {
				ALWAYS_SEARCH_USER_PATHS = NO;
				ASSETCATALOG_COMPILER_GENERATE_SWIFT_ASSET_SYMBOL_EXTENSIONS = YES;
				CLANG_ANALYZER_NONNULL = YES;
				CLANG_ANALYZER_NUMBER_OBJECT_CONVERSION = YES_AGGRESSIVE;
				CLANG_CXX_LANGUAGE_STANDARD = "gnu++20";
				CLANG_ENABLE_MODULES = YES;
				CLANG_ENABLE_OBJC_ARC = YES;
				CLANG_ENABLE_OBJC_WEAK = YES;
				CLANG_WARN_BLOCK_CAPTURE_AUTORELEASING = YES;
				CLANG_WARN_BOOL_CONVERSION = YES;
				CLANG_WARN_COMMA = YES;
				CLANG_WARN_CONSTANT_CONVERSION = YES;
				CLANG_WARN_DEPRECATED_OBJC_IMPLEMENTATIONS = YES;
				CLANG_WARN_DIRECT_OBJC_ISA_USAGE = YES_ERROR;
				CLANG_WARN_DOCUMENTATION_COMMENTS = YES;
				CLANG_WARN_EMPTY_BODY = YES;
				CLANG_WARN_ENUM_CONVERSION = YES;
				CLANG_WARN_INFINITE_RECURSION = YES;
				CLANG_WARN_INT_CONVERSION = YES;
				CLANG_WARN_NON_LITERAL_NULL_CONVERSION = YES;
				CLANG_WARN_OBJC_IMPLICIT_RETAIN_SELF = YES;
				CLANG_WARN_OBJC_LITERAL_CONVERSION = YES;
				CLANG_WARN_OBJC_ROOT_CLASS = YES_ERROR;
				CLANG_WARN_QUOTED_INCLUDE_IN_FRAMEWORK_HEADER = YES;
				CLANG_WARN_RANGE_LOOP_ANALYSIS = YES;
				CLANG_WARN_STRICT_PROTOTYPES = YES;
				CLANG_WARN_SUSPICIOUS_MOVE = YES;
				CLANG_WARN_UNGUARDED_AVAILABILITY = YES_AGGRESSIVE;
				CLANG_WARN_UNREACHABLE_CODE = YES;
				CLANG_WARN__DUPLICATE_METHOD_MATCH = YES;
				COPY_PHASE_STRIP = NO;
				DEBUG_INFORMATION_FORMAT = "dwarf-with-dsym";
				ENABLE_NS_ASSERTIONS = NO;
				ENABLE_STRICT_OBJC_MSGSEND = YES;
				ENABLE_USER_SCRIPT_SANDBOXING = YES;
				GCC_C_LANGUAGE_STANDARD = gnu17;
				GCC_NO_COMMON_BLOCKS = YES;
				GCC_WARN_64_TO_32_BIT_CONVERSION = YES;
				GCC_WARN_ABOUT_RETURN_TYPE = YES_ERROR;
				GCC_WARN_UNDECLARED_SELECTOR = YES;
				GCC_WARN_UNINITIALIZED_AUTOS = YES_AGGRESSIVE;
				GCC_WARN_UNUSED_FUNCTION = YES;
				GCC_WARN_UNUSED_VARIABLE = YES;
				IPHONEOS_DEPLOYMENT_TARGET = 18.0;
				LOCALIZATION_PREFERS_STRING_CATALOGS = YES;
				MTL_ENABLE_DEBUG_INFO = NO;
				MTL_FAST_MATH = YES;
				SDKROOT = iphoneos;
				SWIFT_COMPILATION_MODE = wholemodule;
				VALIDATE_PRODUCT = YES;
			};
			name = Release;
		};
		924F8DA72CD03D3500C38A8F /* Debug */ = {
			isa = XCBuildConfiguration;
			buildSettings = {
				ASSETCATALOG_COMPILER_APPICON_NAME = AppIcon;
				ASSETCATALOG_COMPILER_GLOBAL_ACCENT_COLOR_NAME = AccentColor;
				CODE_SIGN_STYLE = Automatic;
				CURRENT_PROJECT_VERSION = 1;
				DEVELOPMENT_ASSET_PATHS = "\"Learningg/Preview Content\"";
				ENABLE_PREVIEWS = YES;
				GENERATE_INFOPLIST_FILE = YES;
				INFOPLIST_KEY_UIApplicationSceneManifest_Generation = YES;
				INFOPLIST_KEY_UIApplicationSupportsIndirectInputEvents = YES;
				INFOPLIST_KEY_UILaunchScreen_Generation = YES;
				INFOPLIST_KEY_UISupportedInterfaceOrientations_iPad = "UIInterfaceOrientationPortrait UIInterfaceOrientationPortraitUpsideDown UIInterfaceOrientationLandscapeLeft UIInterfaceOrientationLandscapeRight";
				INFOPLIST_KEY_UISupportedInterfaceOrientations_iPhone = "UIInterfaceOrientationPortrait UIInterfaceOrientationLandscapeLeft UIInterfaceOrientationLandscapeRight";
				LD_RUNPATH_SEARCH_PATHS = (
					"$(inherited)",
					"@executable_path/Frameworks",
				);
				MARKETING_VERSION = 1.0;
				PRODUCT_BUNDLE_IDENTIFIER = com.adwa.Learningg;
				PRODUCT_NAME = "$(TARGET_NAME)";
				SWIFT_EMIT_LOC_STRINGS = YES;
				SWIFT_VERSION = 5.0;
				TARGETED_DEVICE_FAMILY = "1,2";
			};
			name = Debug;
		};
		924F8DA82CD03D3500C38A8F /* Release */ = {
			isa = XCBuildConfiguration;
			buildSettings = {
				ASSETCATALOG_COMPILER_APPICON_NAME = AppIcon;
				ASSETCATALOG_COMPILER_GLOBAL_ACCENT_COLOR_NAME = AccentColor;
				CODE_SIGN_STYLE = Automatic;
				CURRENT_PROJECT_VERSION = 1;
				DEVELOPMENT_ASSET_PATHS = "\"Learningg/Preview Content\"";
				ENABLE_PREVIEWS = YES;
				GENERATE_INFOPLIST_FILE = YES;
				INFOPLIST_KEY_UIApplicationSceneManifest_Generation = YES;
				INFOPLIST_KEY_UIApplicationSupportsIndirectInputEvents = YES;
				INFOPLIST_KEY_UILaunchScreen_Generation = YES;
				INFOPLIST_KEY_UISupportedInterfaceOrientations_iPad = "UIInterfaceOrientationPortrait UIInterfaceOrientationPortraitUpsideDown UIInterfaceOrientationLandscapeLeft UIInterfaceOrientationLandscapeRight";
				INFOPLIST_KEY_UISupportedInterfaceOrientations_iPhone = "UIInterfaceOrientationPortrait UIInterfaceOrientationLandscapeLeft UIInterfaceOrientationLandscapeRight";
				LD_RUNPATH_SEARCH_PATHS = (
					"$(inherited)",
					"@executable_path/Frameworks",
				);
				MARKETING_VERSION = 1.0;
				PRODUCT_BUNDLE_IDENTIFIER = com.adwa.Learningg;
				PRODUCT_NAME = "$(TARGET_NAME)";
				SWIFT_EMIT_LOC_STRINGS = YES;
				SWIFT_VERSION = 5.0;
				TARGETED_DEVICE_FAMILY = "1,2";
			};
			name = Release;
		};
		924F8DAA2CD03D3500C38A8F /* Debug */ = {
			isa = XCBuildConfiguration;
			buildSettings = {
				BUNDLE_LOADER = "$(TEST_HOST)";
				CODE_SIGN_STYLE = Automatic;
				CURRENT_PROJECT_VERSION = 1;
				GENERATE_INFOPLIST_FILE = YES;
				IPHONEOS_DEPLOYMENT_TARGET = 18.0;
				MARKETING_VERSION = 1.0;
				PRODUCT_BUNDLE_IDENTIFIER = com.adwa.LearninggTests;
				PRODUCT_NAME = "$(TARGET_NAME)";
				SWIFT_EMIT_LOC_STRINGS = NO;
				SWIFT_VERSION = 5.0;
				TARGETED_DEVICE_FAMILY = "1,2";
				TEST_HOST = "$(BUILT_PRODUCTS_DIR)/Learningg.app/$(BUNDLE_EXECUTABLE_FOLDER_PATH)/Learningg";
			};
			name = Debug;
		};
		924F8DAB2CD03D3500C38A8F /* Release */ = {
			isa = XCBuildConfiguration;
			buildSettings = {
				BUNDLE_LOADER = "$(TEST_HOST)";
				CODE_SIGN_STYLE = Automatic;
				CURRENT_PROJECT_VERSION = 1;
				GENERATE_INFOPLIST_FILE = YES;
				IPHONEOS_DEPLOYMENT_TARGET = 18.0;
				MARKETING_VERSION = 1.0;
				PRODUCT_BUNDLE_IDENTIFIER = com.adwa.LearninggTests;
				PRODUCT_NAME = "$(TARGET_NAME)";
				SWIFT_EMIT_LOC_STRINGS = NO;
				SWIFT_VERSION = 5.0;
				TARGETED_DEVICE_FAMILY = "1,2";
				TEST_HOST = "$(BUILT_PRODUCTS_DIR)/Learningg.app/$(BUNDLE_EXECUTABLE_FOLDER_PATH)/Learningg";
			};
			name = Release;
		};
		924F8DAD2CD03D3500C38A8F /* Debug */ = {
			isa = XCBuildConfiguration;
			buildSettings = {
				CODE_SIGN_STYLE = Automatic;
				CURRENT_PROJECT_VERSION = 1;
				GENERATE_INFOPLIST_FILE = YES;
				MARKETING_VERSION = 1.0;
				PRODUCT_BUNDLE_IDENTIFIER = com.adwa.LearninggUITests;
				PRODUCT_NAME = "$(TARGET_NAME)";
				SWIFT_EMIT_LOC_STRINGS = NO;
				SWIFT_VERSION = 5.0;
				TARGETED_DEVICE_FAMILY = "1,2";
				TEST_TARGET_NAME = Learningg;
			};
			name = Debug;
		};
		924F8DAE2CD03D3500C38A8F /* Release */ = {
			isa = XCBuildConfiguration;
			buildSettings = {
				CODE_SIGN_STYLE = Automatic;
				CURRENT_PROJECT_VERSION = 1;
				GENERATE_INFOPLIST_FILE = YES;
				MARKETING_VERSION = 1.0;
				PRODUCT_BUNDLE_IDENTIFIER = com.adwa.LearninggUITests;
				PRODUCT_NAME = "$(TARGET_NAME)";
				SWIFT_EMIT_LOC_STRINGS = NO;
				SWIFT_VERSION = 5.0;
				TARGETED_DEVICE_FAMILY = "1,2";
				TEST_TARGET_NAME = Learningg;
			};
			name = Release;
		};
/* End XCBuildConfiguration section */

/* Begin XCConfigurationList section */
		924F8D7D2CD03D3500C38A8F /* Build configuration list for PBXProject "Learningg" */ = {
			isa = XCConfigurationList;
			buildConfigurations = (
				924F8DA42CD03D3500C38A8F /* Debug */,
				924F8DA52CD03D3500C38A8F /* Release */,
			);
			defaultConfigurationIsVisible = 0;
			defaultConfigurationName = Release;
		};
		924F8DA62CD03D3500C38A8F /* Build configuration list for PBXNativeTarget "Learningg" */ = {
			isa = XCConfigurationList;
			buildConfigurations = (
				924F8DA72CD03D3500C38A8F /* Debug */,
				924F8DA82CD03D3500C38A8F /* Release */,
			);
			defaultConfigurationIsVisible = 0;
			defaultConfigurationName = Release;
		};
		924F8DA92CD03D3500C38A8F /* Build configuration list for PBXNativeTarget "LearninggTests" */ = {
			isa = XCConfigurationList;
			buildConfigurations = (
				924F8DAA2CD03D3500C38A8F /* Debug */,
				924F8DAB2CD03D3500C38A8F /* Release */,
			);
			defaultConfigurationIsVisible = 0;
			defaultConfigurationName = Release;
		};
		924F8DAC2CD03D3500C38A8F /* Build configuration list for PBXNativeTarget "LearninggUITests" */ = {
			isa = XCConfigurationList;
			buildConfigurations = (
				924F8DAD2CD03D3500C38A8F /* Debug */,
				924F8DAE2CD03D3500C38A8F /* Release */,
			);
			defaultConfigurationIsVisible = 0;
			defaultConfigurationName = Release;
		};
/* End XCConfigurationList section */
	};
	rootObject = 924F8D7A2CD03D3500C38A8F /* Project object */;
}
